
Microsoft Visual Studio Solution File, Format Version 12.00
# Visual Studio Version 17
VisualStudioVersion = 17.7.34031.279
MinimumVisualStudioVersion = 10.0.40219.1
Project("{FAE04EC0-301F-11D3-BF4B-00C04F79EFBC}") = "Tema1", "Tema1\Tema1.csproj", "{8F90E72F-1ABD-4933-9395-BBE1378C6D92}"
EndProject
Project("{2150E333-8FDC-42A3-9474-1A3956D46DE8}") = "Solution Items", "Solution Items", "{52AED194-4E02-437C-B062-B04039DBE9C2}"
EndProject
Global
	GlobalSection(SolutionConfigurationPlatforms) = preSolution
		Debug|Any CPU = Debug|Any CPU
		Release|Any CPU = Release|Any CPU
	EndGlobalSection
	GlobalSection(ProjectConfigurationPlatforms) = postSolution
		{8F90E72F-1ABD-4933-9395-BBE1378C6D92}.Debug|Any CPU.ActiveCfg = Debug|Any CPU
		{8F90E72F-1ABD-4933-9395-BBE1378C6D92}.Debug|Any CPU.Build.0 = Debug|Any CPU
		{8F90E72F-1ABD-4933-9395-BBE1378C6D92}.Release|Any CPU.ActiveCfg = Release|Any CPU
		{8F90E72F-1ABD-4933-9395-BBE1378C6D92}.Release|Any CPU.Build.0 = Release|Any CPU
	EndGlobalSection
	GlobalSection(SolutionProperties) = preSolution
		HideSolutionNode = FALSE
	EndGlobalSection
	GlobalSection(ExtensibilityGlobals) = postSolution
		SolutionGuid = {3100B3A9-9AAC-4E69-97B0-026A714564C6}
	EndGlobalSection
EndGlobal
